
Microsoft Visual Studio Solution File, Format Version 12.00
# Visual Studio Version 16
VisualStudioVersion = 16.0.30204.135
MinimumVisualStudioVersion = 10.0.40219.1
Project("{FAE04EC0-301F-11D3-BF4B-00C04F79EFBC}") = "RockPapereScisors", "RockPapereScisors\RockPapereScisors.csproj", "{F8ED0967-5BFA-4246-8561-7B717C17F59E}"
EndProject
Global
	GlobalSection(SolutionConfigurationPlatforms) = preSolution
		Debug|Any CPU = Debug|Any CPU
		Release|Any CPU = Release|Any CPU
	EndGlobalSection
	GlobalSection(ProjectConfigurationPlatforms) = postSolution
		{F8ED0967-5BFA-4246-8561-7B717C17F59E}.Debug|Any CPU.ActiveCfg = Debug|Any CPU
		{F8ED0967-5BFA-4246-8561-7B717C17F59E}.Debug|Any CPU.Build.0 = Debug|Any CPU
		{F8ED0967-5BFA-4246-8561-7B717C17F59E}.Release|Any CPU.ActiveCfg = Release|Any CPU
		{F8ED0967-5BFA-4246-8561-7B717C17F59E}.Release|Any CPU.Build.0 = Release|Any CPU
	EndGlobalSection
	GlobalSection(SolutionProperties) = preSolution
		HideSolutionNode = FALSE
	EndGlobalSection
	GlobalSection(ExtensibilityGlobals) = postSolution
		SolutionGuid = {E25666AE-C0BA-4A67-B2DF-B7A988235C88}
	EndGlobalSection
EndGlobal
